<?xml version="1.0" encoding="UTF-8" standalone="yes" ?>
<CodeBlocks_project_file>
	<FileVersion major="1" minor="6" />
	<Project>
		<Option title="Ratscript2.0" />
		<Option pch_mode="2" />
		<Option compiler="gcc" />
		<Build>
			<Target title="Debug">
				<Option output="bin/Debug/Ratscript2" prefix_auto="1" extension_auto="1" />
				<Option object_output="obj/Debug/" />
				<Option type="1" />
				<Option compiler="gcc" />
				<Compiler>
					<Add option="-g" />
				</Compiler>
			</Target>
			<Target title="Release">
				<Option output="bin/Release/Ratscript2" prefix_auto="1" extension_auto="1" />
				<Option object_output="obj/Release/" />
				<Option type="1" />
				<Option compiler="gcc" />
				<Compiler>
					<Add option="-O2" />
				</Compiler>
				<Linker>
					<Add option="-s" />
				</Linker>
			</Target>
		</Build>
		<Compiler>
			<Add option="-Wall" />
		</Compiler>
		<Unit filename="include/SinglyLinkedList.hpp" />
		<Unit filename="include/r_catalog.hpp" />
		<Unit filename="include/r_conditional.hpp" />
		<Unit filename="include/r_dev.hpp" />
		<Unit filename="include/r_doublylinkedlist.hpp" />
		<Unit filename="include/r_error.hpp" />
		<Unit filename="include/r_evaluator_postfix.hpp" />
		<Unit filename="include/r_lexer.hpp" />
		<Unit filename="include/r_math.hpp" />
		<Unit filename="include/r_mem.hpp" />
		<Unit filename="include/r_parser.hpp" />
		<Unit filename="include/r_reserved.hpp" />
		<Unit filename="include/r_scope.hpp" />
		<Unit filename="include/r_singlylinkedlist.hpp" />
		<Unit filename="include/r_sys.hpp" />
		<Unit filename="include/r_utils.hpp" />
		<Unit filename="include/r_var.hpp" />
		<Unit filename="main.cpp" />
		<Unit filename="src/r_catalog.cpp" />
		<Unit filename="src/r_conditional.cpp" />
		<Unit filename="src/r_dev.cpp" />
		<Unit filename="src/r_error.cpp" />
		<Unit filename="src/r_evaluator_postfix.cpp" />
		<Unit filename="src/r_lexer.cpp" />
		<Unit filename="src/r_math.cpp" />
		<Unit filename="src/r_mem.cpp" />
		<Unit filename="src/r_parser.cpp" />
		<Unit filename="src/r_scope.cpp" />
		<Unit filename="src/r_sys.cpp" />
		<Unit filename="src/r_utils.cpp" />
		<Unit filename="src/r_var.cpp" />
		<Extensions>
			<code_completion />
			<envvars />
			<debugger />
		</Extensions>
	</Project>
</CodeBlocks_project_file>
