<?xml version="1.0" encoding="UTF-8" standalone="yes" ?>
<CodeBlocks_project_file>
	<FileVersion major="1" minor="6" />
	<Project>
		<Option title="rsconsole" />
		<Option makefile_is_custom="1" />
		<Option execution_dir="../../ratscript" />
		<Option pch_mode="2" />
		<Option compiler="gcc" />
		<MakeCommands>
			<Build command="$make console" />
			<CompileFile command="" />
			<Clean command="$make clean" />
			<DistClean command="$make -f $makefile distclean$target" />
			<AskRebuildNeeded command="" />
			<SilentBuild command="$make console &gt; $(CMD_NULL)" />
		</MakeCommands>
		<Build>
			<Target title="Debug">
				<Option output="bin/Debug/rsconsole" prefix_auto="1" extension_auto="1" />
				<Option working_dir="bin/Debug" />
				<Option object_output="obj/Debug/" />
				<Option type="1" />
				<Option compiler="gcc" />
				<Compiler>
					<Add option="-g" />
				</Compiler>
				<MakeCommands>
					<Build command="$make console_debug" />
					<CompileFile command="" />
					<Clean command="$make cleandebug" />
					<DistClean command="$make -f $makefile distclean$target" />
					<AskRebuildNeeded command="" />
					<SilentBuild command="$make console_debug &gt; $(CMD_NULL)" />
				</MakeCommands>
			</Target>
			<Target title="Release">
				<Option output="bin/Release/rsconsole" prefix_auto="1" extension_auto="1" />
				<Option working_dir="bin/Release" />
				<Option object_output="obj/Release/" />
				<Option type="1" />
				<Option compiler="gcc" />
				<Compiler>
					<Add option="-O2" />
				</Compiler>
				<Linker>
					<Add option="-s" />
				</Linker>
				<MakeCommands>
					<Build command="$make console" />
					<CompileFile command="" />
					<Clean command="$make cleanrelease" />
					<DistClean command="$make -f $makefile distclean$target" />
					<AskRebuildNeeded command="" />
					<SilentBuild command="$make console &gt; $(CMD_NULL)" />
				</MakeCommands>
			</Target>
		</Build>
		<Compiler>
			<Add option="-Wall" />
		</Compiler>
		<Unit filename="build_temp/Release/CMakeFiles/3.7.2/CompilerIdC/CMakeCCompilerId.c">
			<Option compilerVar="CC" />
		</Unit>
		<Unit filename="build_temp/Release/CMakeFiles/3.7.2/CompilerIdCXX/CMakeCXXCompilerId.cpp" />
		<Unit filename="build_temp/Release/CMakeFiles/feature_tests.c">
			<Option compilerVar="CC" />
		</Unit>
		<Unit filename="build_temp/Release/CMakeFiles/feature_tests.cxx" />
		<Unit filename="include/ratscript/SinglyLinkedList.hpp" />
		<Unit filename="include/ratscript/catalog.hpp" />
		<Unit filename="include/ratscript/conditional.hpp" />
		<Unit filename="include/ratscript/dev.hpp" />
		<Unit filename="include/ratscript/doublylinkedlist.hpp" />
		<Unit filename="include/ratscript/error.hpp" />
		<Unit filename="include/ratscript/evaluator_postfix.hpp" />
		<Unit filename="include/ratscript/lexer.hpp" />
		<Unit filename="include/ratscript/math.hpp" />
		<Unit filename="include/ratscript/mem.hpp" />
		<Unit filename="include/ratscript/parser.hpp" />
		<Unit filename="include/ratscript/reserved.hpp" />
		<Unit filename="include/ratscript/scope.hpp" />
		<Unit filename="include/ratscript/singlylinkedlist.hpp" />
		<Unit filename="include/ratscript/sys.hpp" />
		<Unit filename="include/ratscript/utils.hpp" />
		<Unit filename="include/ratscript/var.hpp" />
		<Unit filename="src/catalog.cpp" />
		<Unit filename="src/conditional.cpp" />
		<Unit filename="src/dev.cpp" />
		<Unit filename="src/error.cpp" />
		<Unit filename="src/evaluator_postfix.cpp" />
		<Unit filename="src/lexer.cpp" />
		<Unit filename="src/math.cpp" />
		<Unit filename="src/mem.cpp" />
		<Unit filename="src/parser.cpp" />
		<Unit filename="src/scope.cpp" />
		<Unit filename="src/sys.cpp" />
		<Unit filename="src/utils.cpp" />
		<Unit filename="src/var.cpp" />
		<Extensions>
			<code_completion />
			<envvars />
			<debugger />
		</Extensions>
	</Project>
</CodeBlocks_project_file>
